
Microsoft Visual Studio Solution File, Format Version 12.00
# Visual Studio Version 17
VisualStudioVersion = 17.0.31903.59
MinimumVisualStudioVersion = 10.0.40219.1
Project("{2150E333-8FDC-42A3-9474-1A3956D46DE8}") = "engine", "engine", "{D585295F-7994-3649-1065-7AA403C41681}"
EndProject
Project("{FAE04EC0-301F-11D3-BF4B-00C04F79EFBC}") = "Engine", "engine\Engine.csproj", "{9D2A0B51-C8A9-4C8B-A923-0BA804829332}"
EndProject
Project("{2150E333-8FDC-42A3-9474-1A3956D46DE8}") = "tests", "tests", "{0AB3BF05-4346-4AA6-1389-037BE0695223}"
EndProject
Project("{FAE04EC0-301F-11D3-BF4B-00C04F79EFBC}") = "Electrostatics.Tests", "tests\Electrostatics.Tests\Electrostatics.Tests.csproj", "{134B5357-070C-4C99-AA87-8188F4C1FAED}"
EndProject
Global
	GlobalSection(SolutionConfigurationPlatforms) = preSolution
		Debug|Any CPU = Debug|Any CPU
		Debug|x64 = Debug|x64
		Debug|x86 = Debug|x86
		Release|Any CPU = Release|Any CPU
		Release|x64 = Release|x64
		Release|x86 = Release|x86
	EndGlobalSection
	GlobalSection(ProjectConfigurationPlatforms) = postSolution
		{9D2A0B51-C8A9-4C8B-A923-0BA804829332}.Debug|Any CPU.ActiveCfg = Debug|Any CPU
		{9D2A0B51-C8A9-4C8B-A923-0BA804829332}.Debug|Any CPU.Build.0 = Debug|Any CPU
		{9D2A0B51-C8A9-4C8B-A923-0BA804829332}.Debug|x64.ActiveCfg = Debug|Any CPU
		{9D2A0B51-C8A9-4C8B-A923-0BA804829332}.Debug|x64.Build.0 = Debug|Any CPU
		{9D2A0B51-C8A9-4C8B-A923-0BA804829332}.Debug|x86.ActiveCfg = Debug|Any CPU
		{9D2A0B51-C8A9-4C8B-A923-0BA804829332}.Debug|x86.Build.0 = Debug|Any CPU
		{9D2A0B51-C8A9-4C8B-A923-0BA804829332}.Release|Any CPU.ActiveCfg = Release|Any CPU
		{9D2A0B51-C8A9-4C8B-A923-0BA804829332}.Release|Any CPU.Build.0 = Release|Any CPU
		{9D2A0B51-C8A9-4C8B-A923-0BA804829332}.Release|x64.ActiveCfg = Release|Any CPU
		{9D2A0B51-C8A9-4C8B-A923-0BA804829332}.Release|x64.Build.0 = Release|Any CPU
		{9D2A0B51-C8A9-4C8B-A923-0BA804829332}.Release|x86.ActiveCfg = Release|Any CPU
		{9D2A0B51-C8A9-4C8B-A923-0BA804829332}.Release|x86.Build.0 = Release|Any CPU
		{134B5357-070C-4C99-AA87-8188F4C1FAED}.Debug|Any CPU.ActiveCfg = Debug|Any CPU
		{134B5357-070C-4C99-AA87-8188F4C1FAED}.Debug|Any CPU.Build.0 = Debug|Any CPU
		{134B5357-070C-4C99-AA87-8188F4C1FAED}.Debug|x64.ActiveCfg = Debug|Any CPU
		{134B5357-070C-4C99-AA87-8188F4C1FAED}.Debug|x64.Build.0 = Debug|Any CPU
		{134B5357-070C-4C99-AA87-8188F4C1FAED}.Debug|x86.ActiveCfg = Debug|Any CPU
		{134B5357-070C-4C99-AA87-8188F4C1FAED}.Debug|x86.Build.0 = Debug|Any CPU
		{134B5357-070C-4C99-AA87-8188F4C1FAED}.Release|Any CPU.ActiveCfg = Release|Any CPU
		{134B5357-070C-4C99-AA87-8188F4C1FAED}.Release|Any CPU.Build.0 = Release|Any CPU
		{134B5357-070C-4C99-AA87-8188F4C1FAED}.Release|x64.ActiveCfg = Release|Any CPU
		{134B5357-070C-4C99-AA87-8188F4C1FAED}.Release|x64.Build.0 = Release|Any CPU
		{134B5357-070C-4C99-AA87-8188F4C1FAED}.Release|x86.ActiveCfg = Release|Any CPU
		{134B5357-070C-4C99-AA87-8188F4C1FAED}.Release|x86.Build.0 = Release|Any CPU
	EndGlobalSection
	GlobalSection(SolutionProperties) = preSolution
		HideSolutionNode = FALSE
	EndGlobalSection
	GlobalSection(NestedProjects) = preSolution
		{9D2A0B51-C8A9-4C8B-A923-0BA804829332} = {D585295F-7994-3649-1065-7AA403C41681}
		{134B5357-070C-4C99-AA87-8188F4C1FAED} = {0AB3BF05-4346-4AA6-1389-037BE0695223}
	EndGlobalSection
EndGlobal
